
Microsoft Visual Studio Solution File, Format Version 12.00
# Visual Studio Version 16
VisualStudioVersion = 16.0.31410.357
MinimumVisualStudioVersion = 10.0.40219.1
Project("{FAE04EC0-301F-11D3-BF4B-00C04F79EFBC}") = "HyprWinUI3", "HyprWinUI3.csproj", "{6849E25E-C03D-424E-88E9-14564DA5295A}"
EndProject
Project("{9A19103F-16F7-4668-BE54-9A1E7A4F7556}") = "HyprWinUI3.Core", "..\HyprWinUI3.Core\HyprWinUI3.Core.csproj", "{F63CD6EB-5CAD-4A66-8923-7F527790A535}"
EndProject
Global
	GlobalSection(SolutionConfigurationPlatforms) = preSolution
		Debug|Any CPU = Debug|Any CPU
		Debug|ARM = Debug|ARM
		Debug|ARM64 = Debug|ARM64
		Debug|x64 = Debug|x64
		Debug|x86 = Debug|x86
		Release|Any CPU = Release|Any CPU
		Release|ARM = Release|ARM
		Release|ARM64 = Release|ARM64
		Release|x64 = Release|x64
		Release|x86 = Release|x86
	EndGlobalSection
	GlobalSection(ProjectConfigurationPlatforms) = postSolution
		{6849E25E-C03D-424E-88E9-14564DA5295A}.Debug|Any CPU.ActiveCfg = Debug|x86
		{6849E25E-C03D-424E-88E9-14564DA5295A}.Debug|ARM.ActiveCfg = Debug|ARM
		{6849E25E-C03D-424E-88E9-14564DA5295A}.Debug|ARM.Build.0 = Debug|ARM
		{6849E25E-C03D-424E-88E9-14564DA5295A}.Debug|ARM.Deploy.0 = Debug|ARM
		{6849E25E-C03D-424E-88E9-14564DA5295A}.Debug|ARM64.ActiveCfg = Debug|ARM64
		{6849E25E-C03D-424E-88E9-14564DA5295A}.Debug|ARM64.Build.0 = Debug|ARM64
		{6849E25E-C03D-424E-88E9-14564DA5295A}.Debug|ARM64.Deploy.0 = Debug|ARM64
		{6849E25E-C03D-424E-88E9-14564DA5295A}.Debug|x64.ActiveCfg = Debug|x64
		{6849E25E-C03D-424E-88E9-14564DA5295A}.Debug|x64.Build.0 = Debug|x64
		{6849E25E-C03D-424E-88E9-14564DA5295A}.Debug|x64.Deploy.0 = Debug|x64
		{6849E25E-C03D-424E-88E9-14564DA5295A}.Debug|x86.ActiveCfg = Debug|x86
		{6849E25E-C03D-424E-88E9-14564DA5295A}.Debug|x86.Build.0 = Debug|x86
		{6849E25E-C03D-424E-88E9-14564DA5295A}.Debug|x86.Deploy.0 = Debug|x86
		{6849E25E-C03D-424E-88E9-14564DA5295A}.Release|Any CPU.ActiveCfg = Release|x86
		{6849E25E-C03D-424E-88E9-14564DA5295A}.Release|ARM.ActiveCfg = Release|ARM
		{6849E25E-C03D-424E-88E9-14564DA5295A}.Release|ARM.Build.0 = Release|ARM
		{6849E25E-C03D-424E-88E9-14564DA5295A}.Release|ARM.Deploy.0 = Release|ARM
		{6849E25E-C03D-424E-88E9-14564DA5295A}.Release|ARM64.ActiveCfg = Release|ARM64
		{6849E25E-C03D-424E-88E9-14564DA5295A}.Release|ARM64.Build.0 = Release|ARM64
		{6849E25E-C03D-424E-88E9-14564DA5295A}.Release|ARM64.Deploy.0 = Release|ARM64
		{6849E25E-C03D-424E-88E9-14564DA5295A}.Release|x64.ActiveCfg = Release|x64
		{6849E25E-C03D-424E-88E9-14564DA5295A}.Release|x64.Build.0 = Release|x64
		{6849E25E-C03D-424E-88E9-14564DA5295A}.Release|x64.Deploy.0 = Release|x64
		{6849E25E-C03D-424E-88E9-14564DA5295A}.Release|x86.ActiveCfg = Release|x86
		{6849E25E-C03D-424E-88E9-14564DA5295A}.Release|x86.Build.0 = Release|x86
		{6849E25E-C03D-424E-88E9-14564DA5295A}.Release|x86.Deploy.0 = Release|x86
		{F63CD6EB-5CAD-4A66-8923-7F527790A535}.Debug|Any CPU.ActiveCfg = Debug|Any CPU
		{F63CD6EB-5CAD-4A66-8923-7F527790A535}.Debug|Any CPU.Build.0 = Debug|Any CPU
		{F63CD6EB-5CAD-4A66-8923-7F527790A535}.Debug|ARM.ActiveCfg = Debug|Any CPU
		{F63CD6EB-5CAD-4A66-8923-7F527790A535}.Debug|ARM.Build.0 = Debug|Any CPU
		{F63CD6EB-5CAD-4A66-8923-7F527790A535}.Debug|ARM64.ActiveCfg = Debug|Any CPU
		{F63CD6EB-5CAD-4A66-8923-7F527790A535}.Debug|ARM64.Build.0 = Debug|Any CPU
		{F63CD6EB-5CAD-4A66-8923-7F527790A535}.Debug|x64.ActiveCfg = Debug|Any CPU
		{F63CD6EB-5CAD-4A66-8923-7F527790A535}.Debug|x64.Build.0 = Debug|Any CPU
		{F63CD6EB-5CAD-4A66-8923-7F527790A535}.Debug|x86.ActiveCfg = Debug|Any CPU
		{F63CD6EB-5CAD-4A66-8923-7F527790A535}.Debug|x86.Build.0 = Debug|Any CPU
		{F63CD6EB-5CAD-4A66-8923-7F527790A535}.Release|Any CPU.ActiveCfg = Release|Any CPU
		{F63CD6EB-5CAD-4A66-8923-7F527790A535}.Release|Any CPU.Build.0 = Release|Any CPU
		{F63CD6EB-5CAD-4A66-8923-7F527790A535}.Release|ARM.ActiveCfg = Release|Any CPU
		{F63CD6EB-5CAD-4A66-8923-7F527790A535}.Release|ARM.Build.0 = Release|Any CPU
		{F63CD6EB-5CAD-4A66-8923-7F527790A535}.Release|ARM64.ActiveCfg = Release|Any CPU
		{F63CD6EB-5CAD-4A66-8923-7F527790A535}.Release|ARM64.Build.0 = Release|Any CPU
		{F63CD6EB-5CAD-4A66-8923-7F527790A535}.Release|x64.ActiveCfg = Release|Any CPU
		{F63CD6EB-5CAD-4A66-8923-7F527790A535}.Release|x64.Build.0 = Release|Any CPU
		{F63CD6EB-5CAD-4A66-8923-7F527790A535}.Release|x86.ActiveCfg = Release|Any CPU
		{F63CD6EB-5CAD-4A66-8923-7F527790A535}.Release|x86.Build.0 = Release|Any CPU
	EndGlobalSection
	GlobalSection(SolutionProperties) = preSolution
		HideSolutionNode = FALSE
	EndGlobalSection
	GlobalSection(ExtensibilityGlobals) = postSolution
		SolutionGuid = {549C10B6-F1F6-4250-B0B7-4AD54A07C5BD}
	EndGlobalSection
EndGlobal
